
Microsoft Visual Studio Solution File, Format Version 12.00
# Visual Studio Version 17
VisualStudioVersion = 17.3.32929.385
MinimumVisualStudioVersion = 10.0.40219.1
Project("{FAE04EC0-301F-11D3-BF4B-00C04F79EFBC}") = "MyMath", "MyMath\MyMath.csproj", "{44EA764F-698E-4087-8CD2-5B656E855A5A}"
EndProject
Global
	GlobalSection(SolutionConfigurationPlatforms) = preSolution
		Debug|Any CPU = Debug|Any CPU
		Release|Any CPU = Release|Any CPU
	EndGlobalSection
	GlobalSection(ProjectConfigurationPlatforms) = postSolution
		{44EA764F-698E-4087-8CD2-5B656E855A5A}.Debug|Any CPU.ActiveCfg = Debug|Any CPU
		{44EA764F-698E-4087-8CD2-5B656E855A5A}.Debug|Any CPU.Build.0 = Debug|Any CPU
		{44EA764F-698E-4087-8CD2-5B656E855A5A}.Release|Any CPU.ActiveCfg = Release|Any CPU
		{44EA764F-698E-4087-8CD2-5B656E855A5A}.Release|Any CPU.Build.0 = Release|Any CPU
	EndGlobalSection
	GlobalSection(SolutionProperties) = preSolution
		HideSolutionNode = FALSE
	EndGlobalSection
	GlobalSection(ExtensibilityGlobals) = postSolution
		SolutionGuid = {BC489D52-1754-4C4F-87E1-AFA8B1032612}
	EndGlobalSection
EndGlobal
